// !$*UTF8*$!
{
	archiveVersion = 1;
	classes = {
	};
	objectVersion = 46;
	objects = {

/* Begin PBXBuildFile section */
		5130CC661DCEEC5200FA29CC /* AppDelegate.swift in Sources */ = {isa = PBXBuildFile; fileRef = 5130CC651DCEEC5200FA29CC /* AppDelegate.swift */; };
		5130CC681DCEEC5200FA29CC /* ViewController.swift in Sources */ = {isa = PBXBuildFile; fileRef = 5130CC671DCEEC5200FA29CC /* ViewController.swift */; };
		5130CC6B1DCEEC5200FA29CC /* Main.storyboard in Resources */ = {isa = PBXBuildFile; fileRef = 5130CC691DCEEC5200FA29CC /* Main.storyboard */; };
		5130CC6D1DCEEC5200FA29CC /* Assets.xcassets in Resources */ = {isa = PBXBuildFile; fileRef = 5130CC6C1DCEEC5200FA29CC /* Assets.xcassets */; };
		5130CC701DCEEC5200FA29CC /* LaunchScreen.storyboard in Resources */ = {isa = PBXBuildFile; fileRef = 5130CC6E1DCEEC5200FA29CC /* LaunchScreen.storyboard */; };
		5130CC941DCEEC8400FA29CC /* MetalBezierlView.swift in Sources */ = {isa = PBXBuildFile; fileRef = 5130CC931DCEEC8400FA29CC /* MetalBezierlView.swift */; };
		5130CC961DCEED4F00FA29CC /* bezier_shaders.metal in Sources */ = {isa = PBXBuildFile; fileRef = 5130CC951DCEED4F00FA29CC /* bezier_shaders.metal */; };
		5130CC981DD10BC000FA29CC /* PageAlignedArray.swift in Sources */ = {isa = PBXBuildFile; fileRef = 5130CC971DD10BC000FA29CC /* PageAlignedArray.swift */; };
/* End PBXBuildFile section */

/* Begin PBXContainerItemProxy section */
		5130CC771DCEEC5200FA29CC /* PBXContainerItemProxy */ = {
			isa = PBXContainerItemProxy;
			containerPortal = 5130CC5A1DCEEC5200FA29CC /* Project object */;
			proxyType = 1;
			remoteGlobalIDString = 5130CC611DCEEC5200FA29CC;
			remoteInfo = metal_bezier;
		};
		5130CC821DCEEC5200FA29CC /* PBXContainerItemProxy */ = {
			isa = PBXContainerItemProxy;
			containerPortal = 5130CC5A1DCEEC5200FA29CC /* Project object */;
			proxyType = 1;
			remoteGlobalIDString = 5130CC611DCEEC5200FA29CC;
			remoteInfo = metal_bezier;
		};
/* End PBXContainerItemProxy section */

/* Begin PBXFileReference section */
		5130CC621DCEEC5200FA29CC /* ios_metal_bezier_renderer.app */ = {isa = PBXFileReference; explicitFileType = wrapper.application; includeInIndex = 0; path = ios_metal_bezier_renderer.app; sourceTree = BUILT_PRODUCTS_DIR; };
		5130CC651DCEEC5200FA29CC /* AppDelegate.swift */ = {isa = PBXFileReference; lastKnownFileType = sourcecode.swift; path = AppDelegate.swift; sourceTree = "<group>"; };
		5130CC671DCEEC5200FA29CC /* ViewController.swift */ = {isa = PBXFileReference; lastKnownFileType = sourcecode.swift; path = ViewController.swift; sourceTree = "<group>"; };
		5130CC6A1DCEEC5200FA29CC /* Base */ = {isa = PBXFileReference; lastKnownFileType = file.storyboard; name = Base; path = Base.lproj/Main.storyboard; sourceTree = "<group>"; };
		5130CC6C1DCEEC5200FA29CC /* Assets.xcassets */ = {isa = PBXFileReference; lastKnownFileType = folder.assetcatalog; path = Assets.xcassets; sourceTree = "<group>"; };
		5130CC6F1DCEEC5200FA29CC /* Base */ = {isa = PBXFileReference; lastKnownFileType = file.storyboard; name = Base; path = Base.lproj/LaunchScreen.storyboard; sourceTree = "<group>"; };
		5130CC711DCEEC5200FA29CC /* Info.plist */ = {isa = PBXFileReference; lastKnownFileType = text.plist.xml; path = Info.plist; sourceTree = "<group>"; };
		5130CC761DCEEC5200FA29CC /* ios_metal_bezier_rendererTests.xctest */ = {isa = PBXFileReference; explicitFileType = wrapper.cfbundle; includeInIndex = 0; path = ios_metal_bezier_rendererTests.xctest; sourceTree = BUILT_PRODUCTS_DIR; };
		5130CC811DCEEC5200FA29CC /* ios_metal_bezier_rendererUITests.xctest */ = {isa = PBXFileReference; explicitFileType = wrapper.cfbundle; includeInIndex = 0; path = ios_metal_bezier_rendererUITests.xctest; sourceTree = BUILT_PRODUCTS_DIR; };
		5130CC931DCEEC8400FA29CC /* MetalBezierlView.swift */ = {isa = PBXFileReference; fileEncoding = 4; lastKnownFileType = sourcecode.swift; path = MetalBezierlView.swift; sourceTree = "<group>"; };
		5130CC951DCEED4F00FA29CC /* bezier_shaders.metal */ = {isa = PBXFileReference; fileEncoding = 4; lastKnownFileType = sourcecode.metal; path = bezier_shaders.metal; sourceTree = "<group>"; };
		5130CC971DD10BC000FA29CC /* PageAlignedArray.swift */ = {isa = PBXFileReference; fileEncoding = 4; lastKnownFileType = sourcecode.swift; path = PageAlignedArray.swift; sourceTree = "<group>"; };
/* End PBXFileReference section */

/* Begin PBXFrameworksBuildPhase section */
		5130CC5F1DCEEC5200FA29CC /* Frameworks */ = {
			isa = PBXFrameworksBuildPhase;
			buildActionMask = 2147483647;
			files = (
			);
			runOnlyForDeploymentPostprocessing = 0;
		};
		5130CC731DCEEC5200FA29CC /* Frameworks */ = {
			isa = PBXFrameworksBuildPhase;
			buildActionMask = 2147483647;
			files = (
			);
			runOnlyForDeploymentPostprocessing = 0;
		};
		5130CC7E1DCEEC5200FA29CC /* Frameworks */ = {
			isa = PBXFrameworksBuildPhase;
			buildActionMask = 2147483647;
			files = (
			);
			runOnlyForDeploymentPostprocessing = 0;
		};
/* End PBXFrameworksBuildPhase section */

/* Begin PBXGroup section */
		5130CC591DCEEC5200FA29CC = {
			isa = PBXGroup;
			children = (
				5130CC641DCEEC5200FA29CC /* ios_metal_bezier_renderer */,
				5130CC631DCEEC5200FA29CC /* Products */,
			);
			sourceTree = "<group>";
		};
		5130CC631DCEEC5200FA29CC /* Products */ = {
			isa = PBXGroup;
			children = (
				5130CC621DCEEC5200FA29CC /* ios_metal_bezier_renderer.app */,
				5130CC761DCEEC5200FA29CC /* ios_metal_bezier_rendererTests.xctest */,
				5130CC811DCEEC5200FA29CC /* ios_metal_bezier_rendererUITests.xctest */,
			);
			name = Products;
			sourceTree = "<group>";
		};
		5130CC641DCEEC5200FA29CC /* ios_metal_bezier_renderer */ = {
			isa = PBXGroup;
			children = (
				5130CC931DCEEC8400FA29CC /* MetalBezierlView.swift */,
				5130CC951DCEED4F00FA29CC /* bezier_shaders.metal */,
				5130CC971DD10BC000FA29CC /* PageAlignedArray.swift */,
				5130CC651DCEEC5200FA29CC /* AppDelegate.swift */,
				5130CC671DCEEC5200FA29CC /* ViewController.swift */,
				5130CC691DCEEC5200FA29CC /* Main.storyboard */,
				5130CC6C1DCEEC5200FA29CC /* Assets.xcassets */,
				5130CC6E1DCEEC5200FA29CC /* LaunchScreen.storyboard */,
				5130CC711DCEEC5200FA29CC /* Info.plist */,
			);
			name = ios_metal_bezier_renderer;
			path = metal_bezier;
			sourceTree = "<group>";
		};
/* End PBXGroup section */

/* Begin PBXNativeTarget section */
		5130CC611DCEEC5200FA29CC /* ios_metal_bezier_renderer */ = {
			isa = PBXNativeTarget;
			buildConfigurationList = 5130CC8A1DCEEC5300FA29CC /* Build configuration list for PBXNativeTarget "ios_metal_bezier_renderer" */;
			buildPhases = (
				5130CC5E1DCEEC5200FA29CC /* Sources */,
				5130CC5F1DCEEC5200FA29CC /* Frameworks */,
				5130CC601DCEEC5200FA29CC /* Resources */,
			);
			buildRules = (
			);
			dependencies = (
			);
			name = ios_metal_bezier_renderer;
			productName = metal_bezier;
			productReference = 5130CC621DCEEC5200FA29CC /* ios_metal_bezier_renderer.app */;
			productType = "com.apple.product-type.application";
		};
		5130CC751DCEEC5200FA29CC /* ios_metal_bezier_rendererTests */ = {
			isa = PBXNativeTarget;
			buildConfigurationList = 5130CC8D1DCEEC5300FA29CC /* Build configuration list for PBXNativeTarget "ios_metal_bezier_rendererTests" */;
			buildPhases = (
				5130CC721DCEEC5200FA29CC /* Sources */,
				5130CC731DCEEC5200FA29CC /* Frameworks */,
				5130CC741DCEEC5200FA29CC /* Resources */,
			);
			buildRules = (
			);
			dependencies = (
				5130CC781DCEEC5200FA29CC /* PBXTargetDependency */,
			);
			name = ios_metal_bezier_rendererTests;
			productName = metal_bezierTests;
			productReference = 5130CC761DCEEC5200FA29CC /* ios_metal_bezier_rendererTests.xctest */;
			productType = "com.apple.product-type.bundle.unit-test";
		};
		5130CC801DCEEC5200FA29CC /* ios_metal_bezier_rendererUITests */ = {
			isa = PBXNativeTarget;
			buildConfigurationList = 5130CC901DCEEC5300FA29CC /* Build configuration list for PBXNativeTarget "ios_metal_bezier_rendererUITests" */;
			buildPhases = (
				5130CC7D1DCEEC5200FA29CC /* Sources */,
				5130CC7E1DCEEC5200FA29CC /* Frameworks */,
				5130CC7F1DCEEC5200FA29CC /* Resources */,
			);
			buildRules = (
			);
			dependencies = (
				5130CC831DCEEC5200FA29CC /* PBXTargetDependency */,
			);
			name = ios_metal_bezier_rendererUITests;
			productName = metal_bezierUITests;
			productReference = 5130CC811DCEEC5200FA29CC /* ios_metal_bezier_rendererUITests.xctest */;
			productType = "com.apple.product-type.bundle.ui-testing";
		};
/* End PBXNativeTarget section */

/* Begin PBXProject section */
		5130CC5A1DCEEC5200FA29CC /* Project object */ = {
			isa = PBXProject;
			attributes = {
				LastSwiftUpdateCheck = 0810;
				LastUpgradeCheck = 0810;
				ORGANIZATIONNAME = "Eldad Eilam";
				TargetAttributes = {
					5130CC611DCEEC5200FA29CC = {
						CreatedOnToolsVersion = 8.1;
						DevelopmentTeam = E54FNFV6AU;
						ProvisioningStyle = Automatic;
					};
					5130CC751DCEEC5200FA29CC = {
						CreatedOnToolsVersion = 8.1;
						ProvisioningStyle = Automatic;
						TestTargetID = 5130CC611DCEEC5200FA29CC;
					};
					5130CC801DCEEC5200FA29CC = {
						CreatedOnToolsVersion = 8.1;
						ProvisioningStyle = Automatic;
						TestTargetID = 5130CC611DCEEC5200FA29CC;
					};
				};
			};
			buildConfigurationList = 5130CC5D1DCEEC5200FA29CC /* Build configuration list for PBXProject "ios_metal_bezier_renderer" */;
			compatibilityVersion = "Xcode 3.2";
			developmentRegion = English;
			hasScannedForEncodings = 0;
			knownRegions = (
				en,
				Base,
			);
			mainGroup = 5130CC591DCEEC5200FA29CC;
			productRefGroup = 5130CC631DCEEC5200FA29CC /* Products */;
			projectDirPath = "";
			projectRoot = "";
			targets = (
				5130CC611DCEEC5200FA29CC /* ios_metal_bezier_renderer */,
				5130CC751DCEEC5200FA29CC /* ios_metal_bezier_rendererTests */,
				5130CC801DCEEC5200FA29CC /* ios_metal_bezier_rendererUITests */,
			);
		};
/* End PBXProject section */

/* Begin PBXResourcesBuildPhase section */
		5130CC601DCEEC5200FA29CC /* Resources */ = {
			isa = PBXResourcesBuildPhase;
			buildActionMask = 2147483647;
			files = (
				5130CC701DCEEC5200FA29CC /* LaunchScreen.storyboard in Resources */,
				5130CC6D1DCEEC5200FA29CC /* Assets.xcassets in Resources */,
				5130CC6B1DCEEC5200FA29CC /* Main.storyboard in Resources */,
			);
			runOnlyForDeploymentPostprocessing = 0;
		};
		5130CC741DCEEC5200FA29CC /* Resources */ = {
			isa = PBXResourcesBuildPhase;
			buildActionMask = 2147483647;
			files = (
			);
			runOnlyForDeploymentPostprocessing = 0;
		};
		5130CC7F1DCEEC5200FA29CC /* Resources */ = {
			isa = PBXResourcesBuildPhase;
			buildActionMask = 2147483647;
			files = (
			);
			runOnlyForDeploymentPostprocessing = 0;
		};
/* End PBXResourcesBuildPhase section */

/* Begin PBXSourcesBuildPhase section */
		5130CC5E1DCEEC5200FA29CC /* Sources */ = {
			isa = PBXSourcesBuildPhase;
			buildActionMask = 2147483647;
			files = (
				5130CC941DCEEC8400FA29CC /* MetalBezierlView.swift in Sources */,
				5130CC681DCEEC5200FA29CC /* ViewController.swift in Sources */,
				5130CC661DCEEC5200FA29CC /* AppDelegate.swift in Sources */,
				5130CC961DCEED4F00FA29CC /* bezier_shaders.metal in Sources */,
				5130CC981DD10BC000FA29CC /* PageAlignedArray.swift in Sources */,
			);
			runOnlyForDeploymentPostprocessing = 0;
		};
		5130CC721DCEEC5200FA29CC /* Sources */ = {
			isa = PBXSourcesBuildPhase;
			buildActionMask = 2147483647;
			files = (
			);
			runOnlyForDeploymentPostprocessing = 0;
		};
		5130CC7D1DCEEC5200FA29CC /* Sources */ = {
			isa = PBXSourcesBuildPhase;
			buildActionMask = 2147483647;
			files = (
			);
			runOnlyForDeploymentPostprocessing = 0;
		};
/* End PBXSourcesBuildPhase section */

/* Begin PBXTargetDependency section */
		5130CC781DCEEC5200FA29CC /* PBXTargetDependency */ = {
			isa = PBXTargetDependency;
			target = 5130CC611DCEEC5200FA29CC /* ios_metal_bezier_renderer */;
			targetProxy = 5130CC771DCEEC5200FA29CC /* PBXContainerItemProxy */;
		};
		5130CC831DCEEC5200FA29CC /* PBXTargetDependency */ = {
			isa = PBXTargetDependency;
			target = 5130CC611DCEEC5200FA29CC /* ios_metal_bezier_renderer */;
			targetProxy = 5130CC821DCEEC5200FA29CC /* PBXContainerItemProxy */;
		};
/* End PBXTargetDependency section */

/* Begin PBXVariantGroup section */
		5130CC691DCEEC5200FA29CC /* Main.storyboard */ = {
			isa = PBXVariantGroup;
			children = (
				5130CC6A1DCEEC5200FA29CC /* Base */,
			);
			name = Main.storyboard;
			sourceTree = "<group>";
		};
		5130CC6E1DCEEC5200FA29CC /* LaunchScreen.storyboard */ = {
			isa = PBXVariantGroup;
			children = (
				5130CC6F1DCEEC5200FA29CC /* Base */,
			);
			name = LaunchScreen.storyboard;
			sourceTree = "<group>";
		};
/* End PBXVariantGroup section */

/* Begin XCBuildConfiguration section */
		5130CC881DCEEC5300FA29CC /* Debug */ = {
			isa = XCBuildConfiguration;
			buildSettings = {
				ALWAYS_SEARCH_USER_PATHS = NO;
				CLANG_ANALYZER_NONNULL = YES;
				CLANG_CXX_LANGUAGE_STANDARD = "gnu++0x";
				CLANG_CXX_LIBRARY = "libc++";
				CLANG_ENABLE_MODULES = YES;
				CLANG_ENABLE_OBJC_ARC = YES;
				CLANG_WARN_BOOL_CONVERSION = YES;
				CLANG_WARN_CONSTANT_CONVERSION = YES;
				CLANG_WARN_DIRECT_OBJC_ISA_USAGE = YES_ERROR;
				CLANG_WARN_DOCUMENTATION_COMMENTS = YES;
				CLANG_WARN_EMPTY_BODY = YES;
				CLANG_WARN_ENUM_CONVERSION = YES;
				CLANG_WARN_INFINITE_RECURSION = YES;
				CLANG_WARN_INT_CONVERSION = YES;
				CLANG_WARN_OBJC_ROOT_CLASS = YES_ERROR;
				CLANG_WARN_SUSPICIOUS_MOVES = YES;
				CLANG_WARN_UNREACHABLE_CODE = YES;
				CLANG_WARN__DUPLICATE_METHOD_MATCH = YES;
				"CODE_SIGN_IDENTITY[sdk=iphoneos*]" = "iPhone Developer";
				COPY_PHASE_STRIP = NO;
				DEBUG_INFORMATION_FORMAT = dwarf;
				ENABLE_STRICT_OBJC_MSGSEND = YES;
				ENABLE_TESTABILITY = YES;
				GCC_C_LANGUAGE_STANDARD = gnu99;
				GCC_DYNAMIC_NO_PIC = NO;
				GCC_NO_COMMON_BLOCKS = YES;
				GCC_OPTIMIZATION_LEVEL = 0;
				GCC_PREPROCESSOR_DEFINITIONS = (
					"DEBUG=1",
					"$(inherited)",
				);
				GCC_WARN_64_TO_32_BIT_CONVERSION = YES;
				GCC_WARN_ABOUT_RETURN_TYPE = YES_ERROR;
				GCC_WARN_UNDECLARED_SELECTOR = YES;
				GCC_WARN_UNINITIALIZED_AUTOS = YES_AGGRESSIVE;
				GCC_WARN_UNUSED_FUNCTION = YES;
				GCC_WARN_UNUSED_VARIABLE = YES;
				IPHONEOS_DEPLOYMENT_TARGET = 10.1;
				MTL_ENABLE_DEBUG_INFO = YES;
				ONLY_ACTIVE_ARCH = YES;
				SDKROOT = iphoneos;
				SWIFT_ACTIVE_COMPILATION_CONDITIONS = DEBUG;
				SWIFT_OPTIMIZATION_LEVEL = "-Onone";
				TARGETED_DEVICE_FAMILY = "1,2";
			};
			name = Debug;
		};
		5130CC891DCEEC5300FA29CC /* Release */ = {
			isa = XCBuildConfiguration;
			buildSettings = {
				ALWAYS_SEARCH_USER_PATHS = NO;
				CLANG_ANALYZER_NONNULL = YES;
				CLANG_CXX_LANGUAGE_STANDARD = "gnu++0x";
				CLANG_CXX_LIBRARY = "libc++";
				CLANG_ENABLE_MODULES = YES;
				CLANG_ENABLE_OBJC_ARC = YES;
				CLANG_WARN_BOOL_CONVERSION = YES;
				CLANG_WARN_CONSTANT_CONVERSION = YES;
				CLANG_WARN_DIRECT_OBJC_ISA_USAGE = YES_ERROR;
				CLANG_WARN_DOCUMENTATION_COMMENTS = YES;
				CLANG_WARN_EMPTY_BODY = YES;
				CLANG_WARN_ENUM_CONVERSION = YES;
				CLANG_WARN_INFINITE_RECURSION = YES;
				CLANG_WARN_INT_CONVERSION = YES;
				CLANG_WARN_OBJC_ROOT_CLASS = YES_ERROR;
				CLANG_WARN_SUSPICIOUS_MOVES = YES;
				CLANG_WARN_UNREACHABLE_CODE = YES;
				CLANG_WARN__DUPLICATE_METHOD_MATCH = YES;
				"CODE_SIGN_IDENTITY[sdk=iphoneos*]" = "iPhone Developer";
				COPY_PHASE_STRIP = NO;
				DEBUG_INFORMATION_FORMAT = "dwarf-with-dsym";
				ENABLE_NS_ASSERTIONS = NO;
				ENABLE_STRICT_OBJC_MSGSEND = YES;
				GCC_C_LANGUAGE_STANDARD = gnu99;
				GCC_NO_COMMON_BLOCKS = YES;
				GCC_WARN_64_TO_32_BIT_CONVERSION = YES;
				GCC_WARN_ABOUT_RETURN_TYPE = YES_ERROR;
				GCC_WARN_UNDECLARED_SELECTOR = YES;
				GCC_WARN_UNINITIALIZED_AUTOS = YES_AGGRESSIVE;
				GCC_WARN_UNUSED_FUNCTION = YES;
				GCC_WARN_UNUSED_VARIABLE = YES;
				IPHONEOS_DEPLOYMENT_TARGET = 10.1;
				MTL_ENABLE_DEBUG_INFO = NO;
				SDKROOT = iphoneos;
				SWIFT_OPTIMIZATION_LEVEL = "-Owholemodule";
				TARGETED_DEVICE_FAMILY = "1,2";
				VALIDATE_PRODUCT = YES;
			};
			name = Release;
		};
		5130CC8B1DCEEC5300FA29CC /* Debug */ = {
			isa = XCBuildConfiguration;
			buildSettings = {
				ASSETCATALOG_COMPILER_APPICON_NAME = AppIcon;
				DEVELOPMENT_TEAM = E54FNFV6AU;
				INFOPLIST_FILE = metal_bezier/Info.plist;
				IPHONEOS_DEPLOYMENT_TARGET = 9.0;
				LD_RUNPATH_SEARCH_PATHS = "$(inherited) @executable_path/Frameworks";
				PRODUCT_BUNDLE_IDENTIFIER = "com.eldade.mac-metal-tests.metal-bezier";
				PRODUCT_NAME = "$(TARGET_NAME)";
				SWIFT_VERSION = 3.0;
			};
			name = Debug;
		};
		5130CC8C1DCEEC5300FA29CC /* Release */ = {
			isa = XCBuildConfiguration;
			buildSettings = {
				ASSETCATALOG_COMPILER_APPICON_NAME = AppIcon;
				DEVELOPMENT_TEAM = E54FNFV6AU;
				INFOPLIST_FILE = metal_bezier/Info.plist;
				IPHONEOS_DEPLOYMENT_TARGET = 9.0;
				LD_RUNPATH_SEARCH_PATHS = "$(inherited) @executable_path/Frameworks";
				PRODUCT_BUNDLE_IDENTIFIER = "com.eldade.mac-metal-tests.metal-bezier";
				PRODUCT_NAME = "$(TARGET_NAME)";
				SWIFT_VERSION = 3.0;
			};
			name = Release;
		};
		5130CC8E1DCEEC5300FA29CC /* Debug */ = {
			isa = XCBuildConfiguration;
			buildSettings = {
				ALWAYS_EMBED_SWIFT_STANDARD_LIBRARIES = YES;
				BUNDLE_LOADER = "$(TEST_HOST)";
				INFOPLIST_FILE = metal_bezierTests/Info.plist;
				LD_RUNPATH_SEARCH_PATHS = "$(inherited) @executable_path/Frameworks @loader_path/Frameworks";
				PRODUCT_BUNDLE_IDENTIFIER = "com.eldade.mac-metal-tests.metal-bezierTests";
				PRODUCT_NAME = "$(TARGET_NAME)";
				SWIFT_VERSION = 3.0;
				TEST_HOST = "$(BUILT_PRODUCTS_DIR)/ios_metal_bezier_renderer.app/ios_metal_bezier_renderer";
			};
			name = Debug;
		};
		5130CC8F1DCEEC5300FA29CC /* Release */ = {
			isa = XCBuildConfiguration;
			buildSettings = {
				ALWAYS_EMBED_SWIFT_STANDARD_LIBRARIES = YES;
				BUNDLE_LOADER = "$(TEST_HOST)";
				INFOPLIST_FILE = metal_bezierTests/Info.plist;
				LD_RUNPATH_SEARCH_PATHS = "$(inherited) @executable_path/Frameworks @loader_path/Frameworks";
				PRODUCT_BUNDLE_IDENTIFIER = "com.eldade.mac-metal-tests.metal-bezierTests";
				PRODUCT_NAME = "$(TARGET_NAME)";
				SWIFT_VERSION = 3.0;
				TEST_HOST = "$(BUILT_PRODUCTS_DIR)/ios_metal_bezier_renderer.app/ios_metal_bezier_renderer";
			};
			name = Release;
		};
		5130CC911DCEEC5300FA29CC /* Debug */ = {
			isa = XCBuildConfiguration;
			buildSettings = {
				ALWAYS_EMBED_SWIFT_STANDARD_LIBRARIES = YES;
				INFOPLIST_FILE = metal_bezierUITests/Info.plist;
				LD_RUNPATH_SEARCH_PATHS = "$(inherited) @executable_path/Frameworks @loader_path/Frameworks";
				PRODUCT_BUNDLE_IDENTIFIER = "com.eldade.mac-metal-tests.metal-bezierUITests";
				PRODUCT_NAME = "$(TARGET_NAME)";
				SWIFT_VERSION = 3.0;
				TEST_TARGET_NAME = metal_bezier;
			};
			name = Debug;
		};
		5130CC921DCEEC5300FA29CC /* Release */ = {
			isa = XCBuildConfiguration;
			buildSettings = {
				ALWAYS_EMBED_SWIFT_STANDARD_LIBRARIES = YES;
				INFOPLIST_FILE = metal_bezierUITests/Info.plist;
				LD_RUNPATH_SEARCH_PATHS = "$(inherited) @executable_path/Frameworks @loader_path/Frameworks";
				PRODUCT_BUNDLE_IDENTIFIER = "com.eldade.mac-metal-tests.metal-bezierUITests";
				PRODUCT_NAME = "$(TARGET_NAME)";
				SWIFT_VERSION = 3.0;
				TEST_TARGET_NAME = metal_bezier;
			};
			name = Release;
		};
/* End XCBuildConfiguration section */

/* Begin XCConfigurationList section */
		5130CC5D1DCEEC5200FA29CC /* Build configuration list for PBXProject "ios_metal_bezier_renderer" */ = {
			isa = XCConfigurationList;
			buildConfigurations = (
				5130CC881DCEEC5300FA29CC /* Debug */,
				5130CC891DCEEC5300FA29CC /* Release */,
			);
			defaultConfigurationIsVisible = 0;
			defaultConfigurationName = Release;
		};
		5130CC8A1DCEEC5300FA29CC /* Build configuration list for PBXNativeTarget "ios_metal_bezier_renderer" */ = {
			isa = XCConfigurationList;
			buildConfigurations = (
				5130CC8B1DCEEC5300FA29CC /* Debug */,
				5130CC8C1DCEEC5300FA29CC /* Release */,
			);
			defaultConfigurationIsVisible = 0;
			defaultConfigurationName = Release;
		};
		5130CC8D1DCEEC5300FA29CC /* Build configuration list for PBXNativeTarget "ios_metal_bezier_rendererTests" */ = {
			isa = XCConfigurationList;
			buildConfigurations = (
				5130CC8E1DCEEC5300FA29CC /* Debug */,
				5130CC8F1DCEEC5300FA29CC /* Release */,
			);
			defaultConfigurationIsVisible = 0;
			defaultConfigurationName = Release;
		};
		5130CC901DCEEC5300FA29CC /* Build configuration list for PBXNativeTarget "ios_metal_bezier_rendererUITests" */ = {
			isa = XCConfigurationList;
			buildConfigurations = (
				5130CC911DCEEC5300FA29CC /* Debug */,
				5130CC921DCEEC5300FA29CC /* Release */,
			);
			defaultConfigurationIsVisible = 0;
			defaultConfigurationName = Release;
		};
/* End XCConfigurationList section */
	};
	rootObject = 5130CC5A1DCEEC5200FA29CC /* Project object */;
}
